
Microsoft Visual Studio Solution File, Format Version 12.00
# Visual Studio Version 17
VisualStudioVersion = 17.4.32804.182
MinimumVisualStudioVersion = 10.0.40219.1
Project("{FAE04EC0-301F-11D3-BF4B-00C04F79EFBC}") = "UDPServer", "UDPServer\UDPServer.csproj", "{BEDD5A26-76E6-489B-BBC9-2D4788A0B399}"
EndProject
Global
	GlobalSection(SolutionConfigurationPlatforms) = preSolution
		Debug|Any CPU = Debug|Any CPU
		Release|Any CPU = Release|Any CPU
	EndGlobalSection
	GlobalSection(ProjectConfigurationPlatforms) = postSolution
		{BEDD5A26-76E6-489B-BBC9-2D4788A0B399}.Debug|Any CPU.ActiveCfg = Debug|Any CPU
		{BEDD5A26-76E6-489B-BBC9-2D4788A0B399}.Debug|Any CPU.Build.0 = Debug|Any CPU
		{BEDD5A26-76E6-489B-BBC9-2D4788A0B399}.Release|Any CPU.ActiveCfg = Release|Any CPU
		{BEDD5A26-76E6-489B-BBC9-2D4788A0B399}.Release|Any CPU.Build.0 = Release|Any CPU
	EndGlobalSection
	GlobalSection(SolutionProperties) = preSolution
		HideSolutionNode = FALSE
	EndGlobalSection
	GlobalSection(ExtensibilityGlobals) = postSolution
		SolutionGuid = {E415D141-9428-4422-9AA6-2B58A5321D89}
	EndGlobalSection
EndGlobal
